// !$*UTF8*$!
{
	archiveVersion = 1;
	classes = {
	};
	objectVersion = 50;
	objects = {

/* Begin PBXBuildFile section */
		C35B825B248FC1F80095E6C9 /* MendozaSandboxUITests-Release.xcconfig in Resources */ = {isa = PBXBuildFile; fileRef = C35B8252248FC1F80095E6C9 /* MendozaSandboxUITests-Release.xcconfig */; };
		C35B825C248FC1F80095E6C9 /* MendozaSandbox-Shared.xcconfig in Resources */ = {isa = PBXBuildFile; fileRef = C35B8253248FC1F80095E6C9 /* MendozaSandbox-Shared.xcconfig */; };
		C35B825D248FC1F80095E6C9 /* Project-Release.xcconfig in Resources */ = {isa = PBXBuildFile; fileRef = C35B8254248FC1F80095E6C9 /* Project-Release.xcconfig */; };
		C35B825E248FC1F80095E6C9 /* MendozaSandboxUITests-Debug.xcconfig in Resources */ = {isa = PBXBuildFile; fileRef = C35B8255248FC1F80095E6C9 /* MendozaSandboxUITests-Debug.xcconfig */; };
		C35B825F248FC1F80095E6C9 /* Project-Shared.xcconfig in Resources */ = {isa = PBXBuildFile; fileRef = C35B8256248FC1F80095E6C9 /* Project-Shared.xcconfig */; };
		C35B8260248FC1F80095E6C9 /* MendozaSandboxUITests-Shared.xcconfig in Resources */ = {isa = PBXBuildFile; fileRef = C35B8257248FC1F80095E6C9 /* MendozaSandboxUITests-Shared.xcconfig */; };
		C35B8261248FC1F80095E6C9 /* MendozaSandbox-Debug.xcconfig in Resources */ = {isa = PBXBuildFile; fileRef = C35B8258248FC1F80095E6C9 /* MendozaSandbox-Debug.xcconfig */; };
		C35B8262248FC1F80095E6C9 /* MendozaSandbox-Release.xcconfig in Resources */ = {isa = PBXBuildFile; fileRef = C35B8259248FC1F80095E6C9 /* MendozaSandbox-Release.xcconfig */; };
		C35B8263248FC1F80095E6C9 /* Project-Debug.xcconfig in Resources */ = {isa = PBXBuildFile; fileRef = C35B825A248FC1F80095E6C9 /* Project-Debug.xcconfig */; };
		C37FFA5322D20ECB00B56984 /* AppDelegate.swift in Sources */ = {isa = PBXBuildFile; fileRef = C37FFA5222D20ECB00B56984 /* AppDelegate.swift */; };
		C37FFA5522D20ECB00B56984 /* ViewController.swift in Sources */ = {isa = PBXBuildFile; fileRef = C37FFA5422D20ECB00B56984 /* ViewController.swift */; };
		C37FFA5822D20ECB00B56984 /* Main.storyboard in Resources */ = {isa = PBXBuildFile; fileRef = C37FFA5622D20ECB00B56984 /* Main.storyboard */; };
		C37FFA5A22D20ECC00B56984 /* Assets.xcassets in Resources */ = {isa = PBXBuildFile; fileRef = C37FFA5922D20ECC00B56984 /* Assets.xcassets */; };
		C37FFA5D22D20ECC00B56984 /* LaunchScreen.storyboard in Resources */ = {isa = PBXBuildFile; fileRef = C37FFA5B22D20ECC00B56984 /* LaunchScreen.storyboard */; };
		C37FFA6822D20ECC00B56984 /* MendozaSandboxUITests.swift in Sources */ = {isa = PBXBuildFile; fileRef = C37FFA6722D20ECC00B56984 /* MendozaSandboxUITests.swift */; };
/* End PBXBuildFile section */

/* Begin PBXContainerItemProxy section */
		C37FFA6422D20ECC00B56984 /* PBXContainerItemProxy */ = {
			isa = PBXContainerItemProxy;
			containerPortal = C37FFA4722D20ECB00B56984 /* Project object */;
			proxyType = 1;
			remoteGlobalIDString = C37FFA4E22D20ECB00B56984;
			remoteInfo = MendozaSandbox;
		};
/* End PBXContainerItemProxy section */

/* Begin PBXFileReference section */
		C35B8252248FC1F80095E6C9 /* MendozaSandboxUITests-Release.xcconfig */ = {isa = PBXFileReference; fileEncoding = 4; lastKnownFileType = text.xcconfig; path = "MendozaSandboxUITests-Release.xcconfig"; sourceTree = "<group>"; };
		C35B8253248FC1F80095E6C9 /* MendozaSandbox-Shared.xcconfig */ = {isa = PBXFileReference; fileEncoding = 4; lastKnownFileType = text.xcconfig; path = "MendozaSandbox-Shared.xcconfig"; sourceTree = "<group>"; };
		C35B8254248FC1F80095E6C9 /* Project-Release.xcconfig */ = {isa = PBXFileReference; fileEncoding = 4; lastKnownFileType = text.xcconfig; path = "Project-Release.xcconfig"; sourceTree = "<group>"; };
		C35B8255248FC1F80095E6C9 /* MendozaSandboxUITests-Debug.xcconfig */ = {isa = PBXFileReference; fileEncoding = 4; lastKnownFileType = text.xcconfig; path = "MendozaSandboxUITests-Debug.xcconfig"; sourceTree = "<group>"; };
		C35B8256248FC1F80095E6C9 /* Project-Shared.xcconfig */ = {isa = PBXFileReference; fileEncoding = 4; lastKnownFileType = text.xcconfig; path = "Project-Shared.xcconfig"; sourceTree = "<group>"; };
		C35B8257248FC1F80095E6C9 /* MendozaSandboxUITests-Shared.xcconfig */ = {isa = PBXFileReference; fileEncoding = 4; lastKnownFileType = text.xcconfig; path = "MendozaSandboxUITests-Shared.xcconfig"; sourceTree = "<group>"; };
		C35B8258248FC1F80095E6C9 /* MendozaSandbox-Debug.xcconfig */ = {isa = PBXFileReference; fileEncoding = 4; lastKnownFileType = text.xcconfig; path = "MendozaSandbox-Debug.xcconfig"; sourceTree = "<group>"; };
		C35B8259248FC1F80095E6C9 /* MendozaSandbox-Release.xcconfig */ = {isa = PBXFileReference; fileEncoding = 4; lastKnownFileType = text.xcconfig; path = "MendozaSandbox-Release.xcconfig"; sourceTree = "<group>"; };
		C35B825A248FC1F80095E6C9 /* Project-Debug.xcconfig */ = {isa = PBXFileReference; fileEncoding = 4; lastKnownFileType = text.xcconfig; path = "Project-Debug.xcconfig"; sourceTree = "<group>"; };
		C37FFA4F22D20ECB00B56984 /* MendozaSandbox.app */ = {isa = PBXFileReference; explicitFileType = wrapper.application; includeInIndex = 0; path = MendozaSandbox.app; sourceTree = BUILT_PRODUCTS_DIR; };
		C37FFA5222D20ECB00B56984 /* AppDelegate.swift */ = {isa = PBXFileReference; lastKnownFileType = sourcecode.swift; path = AppDelegate.swift; sourceTree = "<group>"; };
		C37FFA5422D20ECB00B56984 /* ViewController.swift */ = {isa = PBXFileReference; lastKnownFileType = sourcecode.swift; path = ViewController.swift; sourceTree = "<group>"; };
		C37FFA5722D20ECB00B56984 /* Base */ = {isa = PBXFileReference; lastKnownFileType = file.storyboard; name = Base; path = Base.lproj/Main.storyboard; sourceTree = "<group>"; };
		C37FFA5922D20ECC00B56984 /* Assets.xcassets */ = {isa = PBXFileReference; lastKnownFileType = folder.assetcatalog; path = Assets.xcassets; sourceTree = "<group>"; };
		C37FFA5C22D20ECC00B56984 /* Base */ = {isa = PBXFileReference; lastKnownFileType = file.storyboard; name = Base; path = Base.lproj/LaunchScreen.storyboard; sourceTree = "<group>"; };
		C37FFA5E22D20ECC00B56984 /* Info.plist */ = {isa = PBXFileReference; lastKnownFileType = text.plist.xml; path = Info.plist; sourceTree = "<group>"; };
		C37FFA6322D20ECC00B56984 /* MendozaSandboxUITests.xctest */ = {isa = PBXFileReference; explicitFileType = wrapper.cfbundle; includeInIndex = 0; path = MendozaSandboxUITests.xctest; sourceTree = BUILT_PRODUCTS_DIR; };
		C37FFA6722D20ECC00B56984 /* MendozaSandboxUITests.swift */ = {isa = PBXFileReference; lastKnownFileType = sourcecode.swift; path = MendozaSandboxUITests.swift; sourceTree = "<group>"; };
		C37FFA6922D20ECC00B56984 /* Info.plist */ = {isa = PBXFileReference; lastKnownFileType = text.plist.xml; path = Info.plist; sourceTree = "<group>"; };
/* End PBXFileReference section */

/* Begin PBXFrameworksBuildPhase section */
		C37FFA4C22D20ECB00B56984 /* Frameworks */ = {
			isa = PBXFrameworksBuildPhase;
			buildActionMask = 2147483647;
			files = (
			);
			runOnlyForDeploymentPostprocessing = 0;
		};
		C37FFA6022D20ECC00B56984 /* Frameworks */ = {
			isa = PBXFrameworksBuildPhase;
			buildActionMask = 2147483647;
			files = (
			);
			runOnlyForDeploymentPostprocessing = 0;
		};
/* End PBXFrameworksBuildPhase section */

/* Begin PBXGroup section */
		C35B8251248FC1F80095E6C9 /* xcconfig */ = {
			isa = PBXGroup;
			children = (
				C35B8252248FC1F80095E6C9 /* MendozaSandboxUITests-Release.xcconfig */,
				C35B8253248FC1F80095E6C9 /* MendozaSandbox-Shared.xcconfig */,
				C35B8254248FC1F80095E6C9 /* Project-Release.xcconfig */,
				C35B8255248FC1F80095E6C9 /* MendozaSandboxUITests-Debug.xcconfig */,
				C35B8256248FC1F80095E6C9 /* Project-Shared.xcconfig */,
				C35B8257248FC1F80095E6C9 /* MendozaSandboxUITests-Shared.xcconfig */,
				C35B8258248FC1F80095E6C9 /* MendozaSandbox-Debug.xcconfig */,
				C35B8259248FC1F80095E6C9 /* MendozaSandbox-Release.xcconfig */,
				C35B825A248FC1F80095E6C9 /* Project-Debug.xcconfig */,
			);
			path = xcconfig;
			sourceTree = "<group>";
		};
		C37FFA4622D20ECB00B56984 = {
			isa = PBXGroup;
			children = (
				C35B8251248FC1F80095E6C9 /* xcconfig */,
				C37FFA5122D20ECB00B56984 /* MendozaSandbox */,
				C37FFA6622D20ECC00B56984 /* MendozaSandboxUITests */,
				C37FFA5022D20ECB00B56984 /* Products */,
			);
			sourceTree = "<group>";
		};
		C37FFA5022D20ECB00B56984 /* Products */ = {
			isa = PBXGroup;
			children = (
				C37FFA4F22D20ECB00B56984 /* MendozaSandbox.app */,
				C37FFA6322D20ECC00B56984 /* MendozaSandboxUITests.xctest */,
			);
			name = Products;
			sourceTree = "<group>";
		};
		C37FFA5122D20ECB00B56984 /* MendozaSandbox */ = {
			isa = PBXGroup;
			children = (
				C37FFA5222D20ECB00B56984 /* AppDelegate.swift */,
				C37FFA5422D20ECB00B56984 /* ViewController.swift */,
				C37FFA5622D20ECB00B56984 /* Main.storyboard */,
				C37FFA5922D20ECC00B56984 /* Assets.xcassets */,
				C37FFA5B22D20ECC00B56984 /* LaunchScreen.storyboard */,
				C37FFA5E22D20ECC00B56984 /* Info.plist */,
			);
			path = MendozaSandbox;
			sourceTree = "<group>";
		};
		C37FFA6622D20ECC00B56984 /* MendozaSandboxUITests */ = {
			isa = PBXGroup;
			children = (
				C37FFA6722D20ECC00B56984 /* MendozaSandboxUITests.swift */,
				C37FFA6922D20ECC00B56984 /* Info.plist */,
			);
			path = MendozaSandboxUITests;
			sourceTree = "<group>";
		};
/* End PBXGroup section */

/* Begin PBXNativeTarget section */
		C37FFA4E22D20ECB00B56984 /* MendozaSandbox */ = {
			isa = PBXNativeTarget;
			buildConfigurationList = C37FFA6C22D20ECC00B56984 /* Build configuration list for PBXNativeTarget "MendozaSandbox" */;
			buildPhases = (
				C37FFA4B22D20ECB00B56984 /* Sources */,
				C37FFA4C22D20ECB00B56984 /* Frameworks */,
				C37FFA4D22D20ECB00B56984 /* Resources */,
			);
			buildRules = (
			);
			dependencies = (
			);
			name = MendozaSandbox;
			productName = MendozaSandbox;
			productReference = C37FFA4F22D20ECB00B56984 /* MendozaSandbox.app */;
			productType = "com.apple.product-type.application";
		};
		C37FFA6222D20ECC00B56984 /* MendozaSandboxUITests */ = {
			isa = PBXNativeTarget;
			buildConfigurationList = C37FFA6F22D20ECC00B56984 /* Build configuration list for PBXNativeTarget "MendozaSandboxUITests" */;
			buildPhases = (
				C37FFA5F22D20ECC00B56984 /* Sources */,
				C37FFA6022D20ECC00B56984 /* Frameworks */,
				C37FFA6122D20ECC00B56984 /* Resources */,
			);
			buildRules = (
			);
			dependencies = (
				C37FFA6522D20ECC00B56984 /* PBXTargetDependency */,
			);
			name = MendozaSandboxUITests;
			productName = MendozaSandboxUITests;
			productReference = C37FFA6322D20ECC00B56984 /* MendozaSandboxUITests.xctest */;
			productType = "com.apple.product-type.bundle.ui-testing";
		};
/* End PBXNativeTarget section */

/* Begin PBXProject section */
		C37FFA4722D20ECB00B56984 /* Project object */ = {
			isa = PBXProject;
			attributes = {
				LastSwiftUpdateCheck = 1020;
				LastUpgradeCheck = 1020;
				ORGANIZATIONNAME = tomas;
				TargetAttributes = {
					C37FFA4E22D20ECB00B56984 = {
						CreatedOnToolsVersion = 10.2.1;
					};
					C37FFA6222D20ECC00B56984 = {
						CreatedOnToolsVersion = 10.2.1;
						TestTargetID = C37FFA4E22D20ECB00B56984;
					};
				};
			};
			buildConfigurationList = C37FFA4A22D20ECB00B56984 /* Build configuration list for PBXProject "MendozaSandbox" */;
			compatibilityVersion = "Xcode 9.3";
			developmentRegion = en;
			hasScannedForEncodings = 0;
			knownRegions = (
				en,
				Base,
			);
			mainGroup = C37FFA4622D20ECB00B56984;
			productRefGroup = C37FFA5022D20ECB00B56984 /* Products */;
			projectDirPath = "";
			projectRoot = "";
			targets = (
				C37FFA4E22D20ECB00B56984 /* MendozaSandbox */,
				C37FFA6222D20ECC00B56984 /* MendozaSandboxUITests */,
			);
		};
/* End PBXProject section */

/* Begin PBXResourcesBuildPhase section */
		C37FFA4D22D20ECB00B56984 /* Resources */ = {
			isa = PBXResourcesBuildPhase;
			buildActionMask = 2147483647;
			files = (
				C35B8263248FC1F80095E6C9 /* Project-Debug.xcconfig in Resources */,
				C37FFA5D22D20ECC00B56984 /* LaunchScreen.storyboard in Resources */,
				C35B825F248FC1F80095E6C9 /* Project-Shared.xcconfig in Resources */,
				C35B825B248FC1F80095E6C9 /* MendozaSandboxUITests-Release.xcconfig in Resources */,
				C35B8262248FC1F80095E6C9 /* MendozaSandbox-Release.xcconfig in Resources */,
				C35B825D248FC1F80095E6C9 /* Project-Release.xcconfig in Resources */,
				C37FFA5A22D20ECC00B56984 /* Assets.xcassets in Resources */,
				C35B825E248FC1F80095E6C9 /* MendozaSandboxUITests-Debug.xcconfig in Resources */,
				C37FFA5822D20ECB00B56984 /* Main.storyboard in Resources */,
				C35B8260248FC1F80095E6C9 /* MendozaSandboxUITests-Shared.xcconfig in Resources */,
				C35B825C248FC1F80095E6C9 /* MendozaSandbox-Shared.xcconfig in Resources */,
				C35B8261248FC1F80095E6C9 /* MendozaSandbox-Debug.xcconfig in Resources */,
			);
			runOnlyForDeploymentPostprocessing = 0;
		};
		C37FFA6122D20ECC00B56984 /* Resources */ = {
			isa = PBXResourcesBuildPhase;
			buildActionMask = 2147483647;
			files = (
			);
			runOnlyForDeploymentPostprocessing = 0;
		};
/* End PBXResourcesBuildPhase section */

/* Begin PBXSourcesBuildPhase section */
		C37FFA4B22D20ECB00B56984 /* Sources */ = {
			isa = PBXSourcesBuildPhase;
			buildActionMask = 2147483647;
			files = (
				C37FFA5522D20ECB00B56984 /* ViewController.swift in Sources */,
				C37FFA5322D20ECB00B56984 /* AppDelegate.swift in Sources */,
			);
			runOnlyForDeploymentPostprocessing = 0;
		};
		C37FFA5F22D20ECC00B56984 /* Sources */ = {
			isa = PBXSourcesBuildPhase;
			buildActionMask = 2147483647;
			files = (
				C37FFA6822D20ECC00B56984 /* MendozaSandboxUITests.swift in Sources */,
			);
			runOnlyForDeploymentPostprocessing = 0;
		};
/* End PBXSourcesBuildPhase section */

/* Begin PBXTargetDependency section */
		C37FFA6522D20ECC00B56984 /* PBXTargetDependency */ = {
			isa = PBXTargetDependency;
			target = C37FFA4E22D20ECB00B56984 /* MendozaSandbox */;
			targetProxy = C37FFA6422D20ECC00B56984 /* PBXContainerItemProxy */;
		};
/* End PBXTargetDependency section */

/* Begin PBXVariantGroup section */
		C37FFA5622D20ECB00B56984 /* Main.storyboard */ = {
			isa = PBXVariantGroup;
			children = (
				C37FFA5722D20ECB00B56984 /* Base */,
			);
			name = Main.storyboard;
			sourceTree = "<group>";
		};
		C37FFA5B22D20ECC00B56984 /* LaunchScreen.storyboard */ = {
			isa = PBXVariantGroup;
			children = (
				C37FFA5C22D20ECC00B56984 /* Base */,
			);
			name = LaunchScreen.storyboard;
			sourceTree = "<group>";
		};
/* End PBXVariantGroup section */

/* Begin XCBuildConfiguration section */
		C37FFA6A22D20ECC00B56984 /* Debug */ = {
			isa = XCBuildConfiguration;
			buildSettings = {
				ALWAYS_SEARCH_USER_PATHS = NO;
				CLANG_ANALYZER_NONNULL = YES;
				CLANG_ANALYZER_NUMBER_OBJECT_CONVERSION = YES_AGGRESSIVE;
				CLANG_CXX_LANGUAGE_STANDARD = "gnu++14";
				CLANG_CXX_LIBRARY = "libc++";
				CLANG_ENABLE_MODULES = YES;
				CLANG_ENABLE_OBJC_ARC = YES;
				CLANG_ENABLE_OBJC_WEAK = YES;
				CLANG_WARN_BLOCK_CAPTURE_AUTORELEASING = YES;
				CLANG_WARN_BOOL_CONVERSION = YES;
				CLANG_WARN_COMMA = YES;
				CLANG_WARN_CONSTANT_CONVERSION = YES;
				CLANG_WARN_DEPRECATED_OBJC_IMPLEMENTATIONS = YES;
				CLANG_WARN_DIRECT_OBJC_ISA_USAGE = YES_ERROR;
				CLANG_WARN_DOCUMENTATION_COMMENTS = YES;
				CLANG_WARN_EMPTY_BODY = YES;
				CLANG_WARN_ENUM_CONVERSION = YES;
				CLANG_WARN_INFINITE_RECURSION = YES;
				CLANG_WARN_INT_CONVERSION = YES;
				CLANG_WARN_NON_LITERAL_NULL_CONVERSION = YES;
				CLANG_WARN_OBJC_IMPLICIT_RETAIN_SELF = YES;
				CLANG_WARN_OBJC_LITERAL_CONVERSION = YES;
				CLANG_WARN_OBJC_ROOT_CLASS = YES_ERROR;
				CLANG_WARN_RANGE_LOOP_ANALYSIS = YES;
				CLANG_WARN_STRICT_PROTOTYPES = YES;
				CLANG_WARN_SUSPICIOUS_MOVE = YES;
				CLANG_WARN_UNGUARDED_AVAILABILITY = YES_AGGRESSIVE;
				CLANG_WARN_UNREACHABLE_CODE = YES;
				CLANG_WARN__DUPLICATE_METHOD_MATCH = YES;
				CODE_SIGN_IDENTITY = "iPhone Developer";
				COPY_PHASE_STRIP = NO;
				DEBUG_INFORMATION_FORMAT = dwarf;
				ENABLE_STRICT_OBJC_MSGSEND = YES;
				ENABLE_TESTABILITY = YES;
				GCC_C_LANGUAGE_STANDARD = gnu11;
				GCC_DYNAMIC_NO_PIC = NO;
				GCC_NO_COMMON_BLOCKS = YES;
				GCC_OPTIMIZATION_LEVEL = 0;
				GCC_PREPROCESSOR_DEFINITIONS = (
					"DEBUG=1",
					"$(inherited)",
				);
				GCC_WARN_64_TO_32_BIT_CONVERSION = YES;
				GCC_WARN_ABOUT_RETURN_TYPE = YES_ERROR;
				GCC_WARN_UNDECLARED_SELECTOR = YES;
				GCC_WARN_UNINITIALIZED_AUTOS = YES_AGGRESSIVE;
				GCC_WARN_UNUSED_FUNCTION = YES;
				GCC_WARN_UNUSED_VARIABLE = YES;
				IPHONEOS_DEPLOYMENT_TARGET = 12.2;
				MTL_ENABLE_DEBUG_INFO = INCLUDE_SOURCE;
				MTL_FAST_MATH = YES;
				ONLY_ACTIVE_ARCH = YES;
				SDKROOT = iphoneos;
				SWIFT_ACTIVE_COMPILATION_CONDITIONS = DEBUG;
				SWIFT_OPTIMIZATION_LEVEL = "-Onone";
			};
			name = Debug;
		};
		C37FFA6B22D20ECC00B56984 /* Release */ = {
			isa = XCBuildConfiguration;
			buildSettings = {
				ALWAYS_SEARCH_USER_PATHS = NO;
				CLANG_ANALYZER_NONNULL = YES;
				CLANG_ANALYZER_NUMBER_OBJECT_CONVERSION = YES_AGGRESSIVE;
				CLANG_CXX_LANGUAGE_STANDARD = "gnu++14";
				CLANG_CXX_LIBRARY = "libc++";
				CLANG_ENABLE_MODULES = YES;
				CLANG_ENABLE_OBJC_ARC = YES;
				CLANG_ENABLE_OBJC_WEAK = YES;
				CLANG_WARN_BLOCK_CAPTURE_AUTORELEASING = YES;
				CLANG_WARN_BOOL_CONVERSION = YES;
				CLANG_WARN_COMMA = YES;
				CLANG_WARN_CONSTANT_CONVERSION = YES;
				CLANG_WARN_DEPRECATED_OBJC_IMPLEMENTATIONS = YES;
				CLANG_WARN_DIRECT_OBJC_ISA_USAGE = YES_ERROR;
				CLANG_WARN_DOCUMENTATION_COMMENTS = YES;
				CLANG_WARN_EMPTY_BODY = YES;
				CLANG_WARN_ENUM_CONVERSION = YES;
				CLANG_WARN_INFINITE_RECURSION = YES;
				CLANG_WARN_INT_CONVERSION = YES;
				CLANG_WARN_NON_LITERAL_NULL_CONVERSION = YES;
				CLANG_WARN_OBJC_IMPLICIT_RETAIN_SELF = YES;
				CLANG_WARN_OBJC_LITERAL_CONVERSION = YES;
				CLANG_WARN_OBJC_ROOT_CLASS = YES_ERROR;
				CLANG_WARN_RANGE_LOOP_ANALYSIS = YES;
				CLANG_WARN_STRICT_PROTOTYPES = YES;
				CLANG_WARN_SUSPICIOUS_MOVE = YES;
				CLANG_WARN_UNGUARDED_AVAILABILITY = YES_AGGRESSIVE;
				CLANG_WARN_UNREACHABLE_CODE = YES;
				CLANG_WARN__DUPLICATE_METHOD_MATCH = YES;
				CODE_SIGN_IDENTITY = "iPhone Developer";
				COPY_PHASE_STRIP = NO;
				DEBUG_INFORMATION_FORMAT = "dwarf-with-dsym";
				ENABLE_NS_ASSERTIONS = NO;
				ENABLE_STRICT_OBJC_MSGSEND = YES;
				GCC_C_LANGUAGE_STANDARD = gnu11;
				GCC_NO_COMMON_BLOCKS = YES;
				GCC_WARN_64_TO_32_BIT_CONVERSION = YES;
				GCC_WARN_ABOUT_RETURN_TYPE = YES_ERROR;
				GCC_WARN_UNDECLARED_SELECTOR = YES;
				GCC_WARN_UNINITIALIZED_AUTOS = YES_AGGRESSIVE;
				GCC_WARN_UNUSED_FUNCTION = YES;
				GCC_WARN_UNUSED_VARIABLE = YES;
				IPHONEOS_DEPLOYMENT_TARGET = 12.2;
				MTL_ENABLE_DEBUG_INFO = NO;
				MTL_FAST_MATH = YES;
				SDKROOT = iphoneos;
				SWIFT_COMPILATION_MODE = wholemodule;
				SWIFT_OPTIMIZATION_LEVEL = "-O";
				VALIDATE_PRODUCT = YES;
			};
			name = Release;
		};
		C37FFA6D22D20ECC00B56984 /* Debug */ = {
			isa = XCBuildConfiguration;
			baseConfigurationReference = C35B8258248FC1F80095E6C9 /* MendozaSandbox-Debug.xcconfig */;
			buildSettings = {
				ASSETCATALOG_COMPILER_APPICON_NAME = AppIcon;
				CODE_SIGN_STYLE = Automatic;
				DEVELOPMENT_TEAM = F93T2PM4GE;
				INFOPLIST_FILE = MendozaSandbox/Info.plist;
				LD_RUNPATH_SEARCH_PATHS = (
					"$(inherited)",
					"@executable_path/Frameworks",
				);
				PRODUCT_BUNDLE_IDENTIFIER = com.subito.MendozaSandbox;
				PRODUCT_NAME = "$(TARGET_NAME)";
				SWIFT_VERSION = 5.0;
				TARGETED_DEVICE_FAMILY = "1,2";
			};
			name = Debug;
		};
		C37FFA6E22D20ECC00B56984 /* Release */ = {
			isa = XCBuildConfiguration;
			baseConfigurationReference = C35B8259248FC1F80095E6C9 /* MendozaSandbox-Release.xcconfig */;
			buildSettings = {
				ASSETCATALOG_COMPILER_APPICON_NAME = AppIcon;
				CODE_SIGN_STYLE = Automatic;
				DEVELOPMENT_TEAM = F93T2PM4GE;
				INFOPLIST_FILE = MendozaSandbox/Info.plist;
				LD_RUNPATH_SEARCH_PATHS = (
					"$(inherited)",
					"@executable_path/Frameworks",
				);
				PRODUCT_BUNDLE_IDENTIFIER = com.subito.MendozaSandbox;
				PRODUCT_NAME = "$(TARGET_NAME)";
				SWIFT_VERSION = 5.0;
				TARGETED_DEVICE_FAMILY = "1,2";
			};
			name = Release;
		};
		C37FFA7022D20ECC00B56984 /* Debug */ = {
			isa = XCBuildConfiguration;
			baseConfigurationReference = C35B8255248FC1F80095E6C9 /* MendozaSandboxUITests-Debug.xcconfig */;
			buildSettings = {
				ALWAYS_EMBED_SWIFT_STANDARD_LIBRARIES = YES;
				CODE_SIGN_STYLE = Automatic;
				DEVELOPMENT_TEAM = F93T2PM4GE;
				INFOPLIST_FILE = MendozaSandboxUITests/Info.plist;
				LD_RUNPATH_SEARCH_PATHS = (
					"$(inherited)",
					"@executable_path/Frameworks",
					"@loader_path/Frameworks",
				);
				PRODUCT_BUNDLE_IDENTIFIER = com.subito.MendozaSandboxUITests;
				PRODUCT_NAME = "$(TARGET_NAME)";
				SWIFT_VERSION = 5.0;
				TARGETED_DEVICE_FAMILY = "1,2";
				TEST_TARGET_NAME = MendozaSandbox;
			};
			name = Debug;
		};
		C37FFA7122D20ECC00B56984 /* Release */ = {
			isa = XCBuildConfiguration;
			baseConfigurationReference = C35B8252248FC1F80095E6C9 /* MendozaSandboxUITests-Release.xcconfig */;
			buildSettings = {
				ALWAYS_EMBED_SWIFT_STANDARD_LIBRARIES = YES;
				CODE_SIGN_STYLE = Automatic;
				DEVELOPMENT_TEAM = F93T2PM4GE;
				INFOPLIST_FILE = MendozaSandboxUITests/Info.plist;
				LD_RUNPATH_SEARCH_PATHS = (
					"$(inherited)",
					"@executable_path/Frameworks",
					"@loader_path/Frameworks",
				);
				PRODUCT_BUNDLE_IDENTIFIER = com.subito.MendozaSandboxUITests;
				PRODUCT_NAME = "$(TARGET_NAME)";
				SWIFT_VERSION = 5.0;
				TARGETED_DEVICE_FAMILY = "1,2";
				TEST_TARGET_NAME = MendozaSandbox;
			};
			name = Release;
		};
/* End XCBuildConfiguration section */

/* Begin XCConfigurationList section */
		C37FFA4A22D20ECB00B56984 /* Build configuration list for PBXProject "MendozaSandbox" */ = {
			isa = XCConfigurationList;
			buildConfigurations = (
				C37FFA6A22D20ECC00B56984 /* Debug */,
				C37FFA6B22D20ECC00B56984 /* Release */,
			);
			defaultConfigurationIsVisible = 0;
			defaultConfigurationName = Release;
		};
		C37FFA6C22D20ECC00B56984 /* Build configuration list for PBXNativeTarget "MendozaSandbox" */ = {
			isa = XCConfigurationList;
			buildConfigurations = (
				C37FFA6D22D20ECC00B56984 /* Debug */,
				C37FFA6E22D20ECC00B56984 /* Release */,
			);
			defaultConfigurationIsVisible = 0;
			defaultConfigurationName = Release;
		};
		C37FFA6F22D20ECC00B56984 /* Build configuration list for PBXNativeTarget "MendozaSandboxUITests" */ = {
			isa = XCConfigurationList;
			buildConfigurations = (
				C37FFA7022D20ECC00B56984 /* Debug */,
				C37FFA7122D20ECC00B56984 /* Release */,
			);
			defaultConfigurationIsVisible = 0;
			defaultConfigurationName = Release;
		};
/* End XCConfigurationList section */
	};
	rootObject = C37FFA4722D20ECB00B56984 /* Project object */;
}
